// !$*UTF8*$!
{
	archiveVersion = 1;
	classes = {
	};
	objectVersion = 54;
	objects = {

/* Begin PBXBuildFile section */
		0F53D5E524D827E200EF1BA1 /* Changelog.md in Resources */ = {isa = PBXBuildFile; fileRef = 0F53D5E224D827E200EF1BA1 /* Changelog.md */; };
		0F53D5E624D827E200EF1BA1 /* LICENSE.txt in Resources */ = {isa = PBXBuildFile; fileRef = 0F53D5E324D827E200EF1BA1 /* LICENSE.txt */; };
		0F53D5E724D827E200EF1BA1 /* README.md in Resources */ = {isa = PBXBuildFile; fileRef = 0F53D5E424D827E200EF1BA1 /* README.md */; };
		6F8EC8FA1E2EBE80005DA7AE /* Innie.hpp in Headers */ = {isa = PBXBuildFile; fileRef = 6F8EC8F91E2EBE80005DA7AE /* Innie.hpp */; };
		6F8EC8FC1E2EBE80005DA7AE /* Innie.cpp in Sources */ = {isa = PBXBuildFile; fileRef = 6F8EC8FB1E2EBE80005DA7AE /* Innie.cpp */; };
/* End PBXBuildFile section */

/* Begin PBXFileReference section */
		0F53D5E224D827E200EF1BA1 /* Changelog.md */ = {isa = PBXFileReference; fileEncoding = 4; lastKnownFileType = net.daringfireball.markdown; path = Changelog.md; sourceTree = "<group>"; };
		0F53D5E324D827E200EF1BA1 /* LICENSE.txt */ = {isa = PBXFileReference; fileEncoding = 4; lastKnownFileType = text; path = LICENSE.txt; sourceTree = "<group>"; };
		0F53D5E424D827E200EF1BA1 /* README.md */ = {isa = PBXFileReference; fileEncoding = 4; lastKnownFileType = net.daringfireball.markdown; path = README.md; sourceTree = "<group>"; };
		6F8EC8F61E2EBE80005DA7AE /* Innie.kext */ = {isa = PBXFileReference; explicitFileType = wrapper.cfbundle; includeInIndex = 0; path = Innie.kext; sourceTree = BUILT_PRODUCTS_DIR; };
		6F8EC8F91E2EBE80005DA7AE /* Innie.hpp */ = {isa = PBXFileReference; lastKnownFileType = sourcecode.cpp.h; path = Innie.hpp; sourceTree = "<group>"; };
		6F8EC8FB1E2EBE80005DA7AE /* Innie.cpp */ = {isa = PBXFileReference; lastKnownFileType = sourcecode.cpp.cpp; path = Innie.cpp; sourceTree = "<group>"; };
		6F8EC8FD1E2EBE80005DA7AE /* Info.plist */ = {isa = PBXFileReference; lastKnownFileType = text.plist.xml; path = Info.plist; sourceTree = "<group>"; };
/* End PBXFileReference section */

/* Begin PBXFrameworksBuildPhase section */
		6F8EC8F21E2EBE80005DA7AE /* Frameworks */ = {
			isa = PBXFrameworksBuildPhase;
			buildActionMask = 2147483647;
			files = (
			);
			runOnlyForDeploymentPostprocessing = 0;
		};
/* End PBXFrameworksBuildPhase section */

/* Begin PBXGroup section */
		0F53D5E124D827CA00EF1BA1 /* Docs */ = {
			isa = PBXGroup;
			children = (
				0F53D5E324D827E200EF1BA1 /* LICENSE.txt */,
				0F53D5E224D827E200EF1BA1 /* Changelog.md */,
				0F53D5E424D827E200EF1BA1 /* README.md */,
			);
			name = Docs;
			sourceTree = "<group>";
		};
		6F8EC8EC1E2EBE80005DA7AE = {
			isa = PBXGroup;
			children = (
				0F53D5E124D827CA00EF1BA1 /* Docs */,
				6F8EC8F81E2EBE80005DA7AE /* Innie */,
				6F8EC8F71E2EBE80005DA7AE /* Products */,
			);
			sourceTree = "<group>";
		};
		6F8EC8F71E2EBE80005DA7AE /* Products */ = {
			isa = PBXGroup;
			children = (
				6F8EC8F61E2EBE80005DA7AE /* Innie.kext */,
			);
			name = Products;
			sourceTree = "<group>";
		};
		6F8EC8F81E2EBE80005DA7AE /* Innie */ = {
			isa = PBXGroup;
			children = (
				6F8EC8FB1E2EBE80005DA7AE /* Innie.cpp */,
				6F8EC8F91E2EBE80005DA7AE /* Innie.hpp */,
				6F8EC8FD1E2EBE80005DA7AE /* Info.plist */,
			);
			path = Innie;
			sourceTree = "<group>";
		};
/* End PBXGroup section */

/* Begin PBXHeadersBuildPhase section */
		6F8EC8F31E2EBE80005DA7AE /* Headers */ = {
			isa = PBXHeadersBuildPhase;
			buildActionMask = 2147483647;
			files = (
				6F8EC8FA1E2EBE80005DA7AE /* Innie.hpp in Headers */,
			);
			runOnlyForDeploymentPostprocessing = 0;
		};
/* End PBXHeadersBuildPhase section */

/* Begin PBXNativeTarget section */
		6F8EC8F51E2EBE80005DA7AE /* Innie */ = {
			isa = PBXNativeTarget;
			buildConfigurationList = 6F8EC9001E2EBE80005DA7AE /* Build configuration list for PBXNativeTarget "Innie" */;
			buildPhases = (
				6F8EC8F11E2EBE80005DA7AE /* Sources */,
				6F8EC8F21E2EBE80005DA7AE /* Frameworks */,
				6F8EC8F31E2EBE80005DA7AE /* Headers */,
				6F8EC8F41E2EBE80005DA7AE /* Resources */,
				0F53D5E824D828CC00EF1BA1 /* Archive */,
			);
			buildRules = (
			);
			dependencies = (
			);
			name = Innie;
			productName = Innie;
			productReference = 6F8EC8F61E2EBE80005DA7AE /* Innie.kext */;
			productType = "com.apple.product-type.kernel-extension";
		};
/* End PBXNativeTarget section */

/* Begin PBXProject section */
		6F8EC8ED1E2EBE80005DA7AE /* Project object */ = {
			isa = PBXProject;
			attributes = {
				LastUpgradeCheck = 1400;
				ORGANIZATIONNAME = "";
				TargetAttributes = {
					6F8EC8F51E2EBE80005DA7AE = {
						CreatedOnToolsVersion = 7.2;
					};
				};
			};
			buildConfigurationList = 6F8EC8F01E2EBE80005DA7AE /* Build configuration list for PBXProject "Innie" */;
			compatibilityVersion = "Xcode 9.3";
			developmentRegion = en;
			hasScannedForEncodings = 0;
			knownRegions = (
				en,
				Base,
			);
			mainGroup = 6F8EC8EC1E2EBE80005DA7AE;
			productRefGroup = 6F8EC8F71E2EBE80005DA7AE /* Products */;
			projectDirPath = "";
			projectRoot = "";
			targets = (
				6F8EC8F51E2EBE80005DA7AE /* Innie */,
			);
		};
/* End PBXProject section */

/* Begin PBXResourcesBuildPhase section */
		6F8EC8F41E2EBE80005DA7AE /* Resources */ = {
			isa = PBXResourcesBuildPhase;
			buildActionMask = 2147483647;
			files = (
				0F53D5E724D827E200EF1BA1 /* README.md in Resources */,
				0F53D5E624D827E200EF1BA1 /* LICENSE.txt in Resources */,
				0F53D5E524D827E200EF1BA1 /* Changelog.md in Resources */,
			);
			runOnlyForDeploymentPostprocessing = 0;
		};
/* End PBXResourcesBuildPhase section */

/* Begin PBXShellScriptBuildPhase section */
		0F53D5E824D828CC00EF1BA1 /* Archive */ = {
			isa = PBXShellScriptBuildPhase;
			alwaysOutOfDate = 1;
			buildActionMask = 2147483647;
			files = (
			);
			inputPaths = (
			);
			name = Archive;
			outputPaths = (
			);
			runOnlyForDeploymentPostprocessing = 0;
			shellPath = /bin/bash;
			shellScript = "cd \"${TARGET_BUILD_DIR}\"\ndist=(\"$FULL_PRODUCT_NAME\")\narchive=\"${PRODUCT_NAME}-${MODULE_VERSION}-$(echo $CONFIGURATION | tr /a-z/ /A-Z/).zip\"\nrm -rf *.zip\nzip -qry \"${archive}\" \"${dist[@]}\"\n";
		};
/* End PBXShellScriptBuildPhase section */

/* Begin PBXSourcesBuildPhase section */
		6F8EC8F11E2EBE80005DA7AE /* Sources */ = {
			isa = PBXSourcesBuildPhase;
			buildActionMask = 2147483647;
			files = (
				6F8EC8FC1E2EBE80005DA7AE /* Innie.cpp in Sources */,
			);
			runOnlyForDeploymentPostprocessing = 0;
		};
/* End PBXSourcesBuildPhase section */

/* Begin XCBuildConfiguration section */
		6F8EC8FE1E2EBE80005DA7AE /* Debug */ = {
			isa = XCBuildConfiguration;
			buildSettings = {
				ALWAYS_SEARCH_USER_PATHS = NO;
				ARCHS = x86_64;
				CLANG_ANALYZER_LOCALIZABILITY_NONLOCALIZED = YES;
				CLANG_CXX_LANGUAGE_STANDARD = "c++1y";
				CLANG_CXX_LIBRARY = "libc++";
				CLANG_WARN_BLOCK_CAPTURE_AUTORELEASING = YES;
				CLANG_WARN_BOOL_CONVERSION = YES;
				CLANG_WARN_COMMA = YES;
				CLANG_WARN_CONSTANT_CONVERSION = YES;
				CLANG_WARN_DEPRECATED_OBJC_IMPLEMENTATIONS = YES;
				CLANG_WARN_DIRECT_OBJC_ISA_USAGE = YES_ERROR;
				CLANG_WARN_EMPTY_BODY = YES;
				CLANG_WARN_ENUM_CONVERSION = YES;
				CLANG_WARN_INFINITE_RECURSION = YES;
				CLANG_WARN_INT_CONVERSION = YES;
				CLANG_WARN_NON_LITERAL_NULL_CONVERSION = YES;
				CLANG_WARN_OBJC_IMPLICIT_RETAIN_SELF = YES;
				CLANG_WARN_OBJC_LITERAL_CONVERSION = YES;
				CLANG_WARN_OBJC_ROOT_CLASS = YES_ERROR;
				CLANG_WARN_QUOTED_INCLUDE_IN_FRAMEWORK_HEADER = YES;
				CLANG_WARN_RANGE_LOOP_ANALYSIS = YES;
				CLANG_WARN_STRICT_PROTOTYPES = YES;
				CLANG_WARN_SUSPICIOUS_MOVE = YES;
				CLANG_WARN_UNREACHABLE_CODE = YES;
				CLANG_WARN__DUPLICATE_METHOD_MATCH = YES;
				DEAD_CODE_STRIPPING = YES;
				DEBUG_INFORMATION_FORMAT = dwarf;
				ENABLE_STRICT_OBJC_MSGSEND = YES;
				ENABLE_TESTABILITY = YES;
				GCC_C_LANGUAGE_STANDARD = c11;
				GCC_NO_COMMON_BLOCKS = YES;
				GCC_OPTIMIZATION_LEVEL = 0;
				GCC_PREPROCESSOR_DEFINITIONS = (
					"DEBUG=1",
					"$(inherited)",
				);
				GCC_SYMBOLS_PRIVATE_EXTERN = YES;
				GCC_WARN_64_TO_32_BIT_CONVERSION = YES;
				GCC_WARN_ABOUT_RETURN_TYPE = YES_ERROR;
				GCC_WARN_UNDECLARED_SELECTOR = YES;
				GCC_WARN_UNINITIALIZED_AUTOS = YES_AGGRESSIVE;
				GCC_WARN_UNUSED_FUNCTION = YES;
				GCC_WARN_UNUSED_VARIABLE = YES;
				KERNEL_EXTENSION_HEADER_SEARCH_PATHS = "$(PROJECT_DIR)/MacKernelSDK/Headers";
				KERNEL_FRAMEWORK_HEADERS = "$(PROJECT_DIR)/MacKernelSDK/Headers";
				ONLY_ACTIVE_ARCH = YES;
				SDKROOT = macosx;
			};
			name = Debug;
		};
		6F8EC8FF1E2EBE80005DA7AE /* Release */ = {
			isa = XCBuildConfiguration;
			buildSettings = {
				ALWAYS_SEARCH_USER_PATHS = NO;
				ARCHS = x86_64;
				CLANG_ANALYZER_LOCALIZABILITY_NONLOCALIZED = YES;
				CLANG_CXX_LANGUAGE_STANDARD = "c++1y";
				CLANG_CXX_LIBRARY = "libc++";
				CLANG_WARN_BLOCK_CAPTURE_AUTORELEASING = YES;
				CLANG_WARN_BOOL_CONVERSION = YES;
				CLANG_WARN_COMMA = YES;
				CLANG_WARN_CONSTANT_CONVERSION = YES;
				CLANG_WARN_DEPRECATED_OBJC_IMPLEMENTATIONS = YES;
				CLANG_WARN_DIRECT_OBJC_ISA_USAGE = YES_ERROR;
				CLANG_WARN_EMPTY_BODY = YES;
				CLANG_WARN_ENUM_CONVERSION = YES;
				CLANG_WARN_INFINITE_RECURSION = YES;
				CLANG_WARN_INT_CONVERSION = YES;
				CLANG_WARN_NON_LITERAL_NULL_CONVERSION = YES;
				CLANG_WARN_OBJC_IMPLICIT_RETAIN_SELF = YES;
				CLANG_WARN_OBJC_LITERAL_CONVERSION = YES;
				CLANG_WARN_OBJC_ROOT_CLASS = YES_ERROR;
				CLANG_WARN_QUOTED_INCLUDE_IN_FRAMEWORK_HEADER = YES;
				CLANG_WARN_RANGE_LOOP_ANALYSIS = YES;
				CLANG_WARN_STRICT_PROTOTYPES = YES;
				CLANG_WARN_SUSPICIOUS_MOVE = YES;
				CLANG_WARN_UNREACHABLE_CODE = YES;
				CLANG_WARN__DUPLICATE_METHOD_MATCH = YES;
				DEAD_CODE_STRIPPING = YES;
				DEBUG_INFORMATION_FORMAT = dwarf;
				ENABLE_STRICT_OBJC_MSGSEND = YES;
				GCC_C_LANGUAGE_STANDARD = c11;
				GCC_NO_COMMON_BLOCKS = YES;
				GCC_OPTIMIZATION_LEVEL = 3;
				GCC_SYMBOLS_PRIVATE_EXTERN = YES;
				GCC_UNROLL_LOOPS = YES;
				GCC_WARN_64_TO_32_BIT_CONVERSION = YES;
				GCC_WARN_ABOUT_RETURN_TYPE = YES_ERROR;
				GCC_WARN_UNDECLARED_SELECTOR = YES;
				GCC_WARN_UNINITIALIZED_AUTOS = YES_AGGRESSIVE;
				GCC_WARN_UNUSED_FUNCTION = YES;
				GCC_WARN_UNUSED_VARIABLE = YES;
				KERNEL_EXTENSION_HEADER_SEARCH_PATHS = "$(PROJECT_DIR)/MacKernelSDK/Headers";
				KERNEL_FRAMEWORK_HEADERS = "$(PROJECT_DIR)/MacKernelSDK/Headers";
				SDKROOT = macosx;
			};
			name = Release;
		};
		6F8EC9011E2EBE80005DA7AE /* Debug */ = {
			isa = XCBuildConfiguration;
			buildSettings = {
				CLANG_ANALYZER_DEADCODE_DEADSTORES = NO;
				CLANG_ANALYZER_DIVIDE_BY_ZERO = NO;
				CLANG_ANALYZER_NULL_DEREFERENCE = NO;
				CLANG_ENABLE_OBJC_WEAK = YES;
				CODE_SIGN_IDENTITY = "";
				CURRENT_PROJECT_VERSION = 1.3.1;
				DEAD_CODE_STRIPPING = YES;
				DEPLOYMENT_POSTPROCESSING = YES;
				GCC_ENABLE_FLOATING_POINT_LIBRARY_CALLS = NO;
				GCC_ENABLE_KERNEL_DEVELOPMENT = NO;
				GCC_GENERATE_DEBUGGING_SYMBOLS = NO;
				GCC_PREPROCESSOR_DEFINITIONS = (
					"MODULE_VERSION=$(MODULE_VERSION)",
					"PRODUCT_NAME=$(PRODUCT_NAME)",
					"$(inherited)",
				);
				INFOPLIST_FILE = "$(SRCROOT)/Innie/Info.plist";
				INSTALL_PATH = "$(DEFAULT_KEXT_INSTALL_PATH)";
				LIBRARY_SEARCH_PATHS = (
					"$(PROJECT_DIR)/MacKernelSDK/Library/x86_64",
					"$(inherited)",
				);
				MACOSX_DEPLOYMENT_TARGET = 10.13;
				MARKETING_VERSION = 1.3.1;
				MODULE_NAME = com.cdf.Innie;
				MODULE_VERSION = 1.3.1;
				OTHER_CFLAGS = (
					"-mmmx",
					"-msse",
					"-msse2",
					"-msse3",
					"-mfpmath=sse",
					"-mssse3",
					"-ftree-vectorize",
					"-fno-non-call-exceptions",
					"-fno-builtin",
					"-fno-asynchronous-unwind-tables",
					"-Wno-unknown-warning-option",
					"-Wno-ossharedptr-misuse",
					"-Wno-vla",
				);
				OTHER_LDFLAGS = "-static";
				PRODUCT_BUNDLE_IDENTIFIER = com.cdf.Innie;
				PRODUCT_NAME = "$(TARGET_NAME)";
				RUN_CLANG_STATIC_ANALYZER = YES;
				WRAPPER_EXTENSION = kext;
			};
			name = Debug;
		};
		6F8EC9021E2EBE80005DA7AE /* Release */ = {
			isa = XCBuildConfiguration;
			buildSettings = {
				CLANG_ENABLE_OBJC_WEAK = YES;
				CODE_SIGN_IDENTITY = "";
				CURRENT_PROJECT_VERSION = 1.3.1;
				DEAD_CODE_STRIPPING = YES;
				DEPLOYMENT_POSTPROCESSING = YES;
				GCC_ENABLE_FLOATING_POINT_LIBRARY_CALLS = NO;
				GCC_ENABLE_KERNEL_DEVELOPMENT = NO;
				GCC_GENERATE_DEBUGGING_SYMBOLS = NO;
				GCC_PREPROCESSOR_DEFINITIONS = (
					"MODULE_VERSION=$(MODULE_VERSION)",
					"PRODUCT_NAME=$(PRODUCT_NAME)",
				);
				INFOPLIST_FILE = "$(SRCROOT)/Innie/Info.plist";
				INSTALL_PATH = "$(DEFAULT_KEXT_INSTALL_PATH)";
				LIBRARY_SEARCH_PATHS = (
					"$(PROJECT_DIR)/MacKernelSDK/Library/x86_64",
					"$(inherited)",
				);
				MACOSX_DEPLOYMENT_TARGET = 10.13;
				MARKETING_VERSION = 1.3.1;
				MODULE_NAME = com.cdf.Innie;
				MODULE_VERSION = 1.3.1;
				OTHER_CFLAGS = (
					"-mmmx",
					"-msse",
					"-msse2",
					"-msse3",
					"-mfpmath=sse",
					"-mssse3",
					"-ftree-vectorize",
					"-fno-non-call-exceptions",
					"-fno-builtin",
					"-fno-asynchronous-unwind-tables",
					"-Wno-unknown-warning-option",
					"-Wno-ossharedptr-misuse",
					"-Wno-vla",
				);
				OTHER_LDFLAGS = "-static";
				PRODUCT_BUNDLE_IDENTIFIER = "$(MODULE_NAME)";
				PRODUCT_NAME = "$(TARGET_NAME)";
				WRAPPER_EXTENSION = kext;
			};
			name = Release;
		};
/* End XCBuildConfiguration section */

/* Begin XCConfigurationList section */
		6F8EC8F01E2EBE80005DA7AE /* Build configuration list for PBXProject "Innie" */ = {
			isa = XCConfigurationList;
			buildConfigurations = (
				6F8EC8FE1E2EBE80005DA7AE /* Debug */,
				6F8EC8FF1E2EBE80005DA7AE /* Release */,
			);
			defaultConfigurationIsVisible = 0;
			defaultConfigurationName = Release;
		};
		6F8EC9001E2EBE80005DA7AE /* Build configuration list for PBXNativeTarget "Innie" */ = {
			isa = XCConfigurationList;
			buildConfigurations = (
				6F8EC9011E2EBE80005DA7AE /* Debug */,
				6F8EC9021E2EBE80005DA7AE /* Release */,
			);
			defaultConfigurationIsVisible = 0;
			defaultConfigurationName = Release;
		};
/* End XCConfigurationList section */
	};
	rootObject = 6F8EC8ED1E2EBE80005DA7AE /* Project object */;
}
